
Microsoft Visual Studio Solution File, Format Version 12.00
# Visual Studio Version 17
VisualStudioVersion = 17.4.33205.214
MinimumVisualStudioVersion = 10.0.40219.1
Project("{FAE04EC0-301F-11D3-BF4B-00C04F79EFBC}") = "jeeDMWEB", "jeeDMWEB\jeeDMWEB.csproj", "{95C3AFE9-53E9-411E-834D-0D1C83073C71}"
EndProject
Global
	GlobalSection(SolutionConfigurationPlatforms) = preSolution
		Debug|Any CPU = Debug|Any CPU
		Release|Any CPU = Release|Any CPU
	EndGlobalSection
	GlobalSection(ProjectConfigurationPlatforms) = postSolution
		{95C3AFE9-53E9-411E-834D-0D1C83073C71}.Debug|Any CPU.ActiveCfg = Debug|Any CPU
		{95C3AFE9-53E9-411E-834D-0D1C83073C71}.Debug|Any CPU.Build.0 = Debug|Any CPU
		{95C3AFE9-53E9-411E-834D-0D1C83073C71}.Release|Any CPU.ActiveCfg = Release|Any CPU
		{95C3AFE9-53E9-411E-834D-0D1C83073C71}.Release|Any CPU.Build.0 = Release|Any CPU
	EndGlobalSection
	GlobalSection(SolutionProperties) = preSolution
		HideSolutionNode = FALSE
	EndGlobalSection
	GlobalSection(ExtensibilityGlobals) = postSolution
		SolutionGuid = {A0DC348B-7A27-43B5-BE8D-A28EAEA4D58B}
	EndGlobalSection
EndGlobal
